{
  "version": "2",
  "remote": {
    "https://deno.land/std@0.160.0/_util/assert.ts": "e94f2eb37cebd7f199952e242c77654e43333c1ac4c5c700e929ea3aa5489f74",
    "https://deno.land/std@0.160.0/_util/os.ts": "8a33345f74990e627b9dfe2de9b040004b08ea5146c7c9e8fe9a29070d193934",
    "https://deno.land/std@0.160.0/async/abortable.ts": "87aa7230be8360c24ad437212311c9e8d4328854baec27b4c7abb26e85515c06",
    "https://deno.land/std@0.160.0/async/deadline.ts": "48ac998d7564969f3e6ec6b6f9bf0217ebd00239b1b2292feba61272d5dd58d0",
    "https://deno.land/std@0.160.0/async/debounce.ts": "dc8b92d4a4fe7eac32c924f2b8d3e62112530db70cadce27042689d82970b350",
    "https://deno.land/std@0.160.0/async/deferred.ts": "d8fb253ffde2a056e4889ef7e90f3928f28be9f9294b6505773d33f136aab4e6",
    "https://deno.land/std@0.160.0/async/delay.ts": "0419dfc993752849692d1f9647edf13407c7facc3509b099381be99ffbc9d699",
    "https://deno.land/std@0.160.0/async/mod.ts": "dd0a8ed4f3984ffabe2fcca7c9f466b7932d57b1864ffee148a5d5388316db6b",
    "https://deno.land/std@0.160.0/async/mux_async_iterator.ts": "3447b28a2a582224a3d4d3596bccbba6e85040da3b97ed64012f7decce98d093",
    "https://deno.land/std@0.160.0/async/pool.ts": "ef9eb97b388543acbf0ac32647121e4dbe629236899586c4d4311a8770fbb239",
    "https://deno.land/std@0.160.0/async/tee.ts": "9af3a3e7612af75861308b52249e167f5ebc3dcfc8a1a4d45462d96606ee2b70",
    "https://deno.land/std@0.160.0/bytes/bytes_list.ts": "aba5e2369e77d426b10af1de0dcc4531acecec27f9b9056f4f7bfbf8ac147ab4",
    "https://deno.land/std@0.160.0/bytes/equals.ts": "3c3558c3ae85526f84510aa2b48ab2ad7bdd899e2e0f5b7a8ffc85acb3a6043a",
    "https://deno.land/std@0.160.0/bytes/mod.ts": "b2e342fd3669176a27a4e15061e9d588b89c1aaf5008ab71766e23669565d179",
    "https://deno.land/std@0.160.0/crypto/_fnv/fnv32.ts": "aa9bddead8c6345087d3abd4ef35fb9655622afc333fc41fff382b36e64280b5",
    "https://deno.land/std@0.160.0/crypto/_fnv/fnv64.ts": "625d7e7505b6cb2e9801b5fd6ed0a89256bac12b2bbb3e4664b85a88b0ec5bef",
    "https://deno.land/std@0.160.0/crypto/_fnv/index.ts": "a8f6a361b4c6d54e5e89c16098f99b6962a1dd6ad1307dbc97fa1ecac5d7060a",
    "https://deno.land/std@0.160.0/crypto/_fnv/util.ts": "4848313bed7f00f55be3cb080aa0583fc007812ba965b03e4009665bde614ce3",
    "https://deno.land/std@0.160.0/crypto/_wasm_crypto/lib/deno_std_wasm_crypto.generated.mjs": "258b484c2da27578bec61c01d4b62c21f72268d928d03c968c4eb590cb3bd830",
    "https://deno.land/std@0.160.0/crypto/_wasm_crypto/mod.ts": "6c60d332716147ded0eece0861780678d51b560f533b27db2e15c64a4ef83665",
    "https://deno.land/std@0.160.0/crypto/keystack.ts": "e481eed28007395e554a435e880fee83a5c73b9259ed8a135a75e4b1e4f381f7",
    "https://deno.land/std@0.160.0/crypto/mod.ts": "fadedc013b4a86fda6305f1adc6d1c02225834d53cff5d95cc05f62b25127517",
    "https://deno.land/std@0.160.0/crypto/timing_safe_equal.ts": "82a29b737bc8932d75d7a20c404136089d5d23629e94ba14efa98a8cc066c73e",
    "https://deno.land/std@0.160.0/datetime/formatter.ts": "7c8e6d16a0950f400aef41b9f1eb9168249869776ec520265dfda785d746589e",
    "https://deno.land/std@0.160.0/datetime/mod.ts": "ea927ca96dfb28c7b9a5eed5bdc7ac46bb9db38038c4922631895cea342fea87",
    "https://deno.land/std@0.160.0/datetime/tokenizer.ts": "7381e28f6ab51cb504c7e132be31773d73ef2f3e1e50a812736962b9df1e8c47",
    "https://deno.land/std@0.160.0/encoding/base64.ts": "c57868ca7fa2fbe919f57f88a623ad34e3d970d675bdc1ff3a9d02bba7409db2",
    "https://deno.land/std@0.160.0/encoding/base64url.ts": "a5f82a9fa703bd85a5eb8e7c1296bc6529e601ebd9642cc2b5eaa6b38fa9e05a",
    "https://deno.land/std@0.160.0/encoding/hex.ts": "4cc5324417cbb4ac9b828453d35aed45b9cc29506fad658f1f138d981ae33795",
    "https://deno.land/std@0.160.0/fmt/colors.ts": "9e36a716611dcd2e4865adea9c4bec916b5c60caad4cdcdc630d4974e6bb8bd4",
    "https://deno.land/std@0.160.0/io/buffer.ts": "fae02290f52301c4e0188670e730cd902f9307fb732d79c4aa14ebdc82497289",
    "https://deno.land/std@0.160.0/io/types.d.ts": "107e1e64834c5ba917c783f446b407d33432c5d612c4b3430df64fc2b4ecf091",
    "https://deno.land/std@0.160.0/path/_constants.ts": "df1db3ffa6dd6d1252cc9617e5d72165cd2483df90e93833e13580687b6083c3",
    "https://deno.land/std@0.160.0/path/_interface.ts": "ee3b431a336b80cf445441109d089b70d87d5e248f4f90ff906820889ecf8d09",
    "https://deno.land/std@0.160.0/path/_util.ts": "d16be2a16e1204b65f9d0dfc54a9bc472cafe5f4a190b3c8471ec2016ccd1677",
    "https://deno.land/std@0.160.0/path/common.ts": "bee563630abd2d97f99d83c96c2fa0cca7cee103e8cb4e7699ec4d5db7bd2633",
    "https://deno.land/std@0.160.0/path/glob.ts": "cb5255638de1048973c3e69e420c77dc04f75755524cb3b2e160fe9277d939ee",
    "https://deno.land/std@0.160.0/path/mod.ts": "56fec03ad0ebd61b6ab39ddb9b0ddb4c4a5c9f2f4f632e09dd37ec9ebfd722ac",
    "https://deno.land/std@0.160.0/path/posix.ts": "6b63de7097e68c8663c84ccedc0fd977656eb134432d818ecd3a4e122638ac24",
    "https://deno.land/std@0.160.0/path/separator.ts": "fe1816cb765a8068afb3e8f13ad272351c85cbc739af56dacfc7d93d710fe0f9",
    "https://deno.land/std@0.160.0/path/win32.ts": "ee8826dce087d31c5c81cd414714e677eb68febc40308de87a2ce4b40e10fb8d",
    "https://deno.land/std@0.160.0/testing/_diff.ts": "a23e7fc2b4d8daa3e158fa06856bedf5334ce2a2831e8bf9e509717f455adb2c",
    "https://deno.land/std@0.160.0/testing/_format.ts": "cd11136e1797791045e639e9f0f4640d5b4166148796cad37e6ef75f7d7f3832",
    "https://deno.land/std@0.160.0/testing/asserts.ts": "1e340c589853e82e0807629ba31a43c84ebdcdeca910c4a9705715dfdb0f5ce8",
    "https://deno.land/std@0.178.0/_util/asserts.ts": "178dfc49a464aee693a7e285567b3d0b555dc805ff490505a8aae34f9cfb1462",
    "https://deno.land/std@0.178.0/_util/os.ts": "d932f56d41e4f6a6093d56044e29ce637f8dcc43c5a90af43504a889cf1775e3",
    "https://deno.land/std@0.178.0/async/deferred.ts": "42790112f36a75a57db4a96d33974a936deb7b04d25c6084a9fa8a49f135def8",
    "https://deno.land/std@0.178.0/bytes/bytes_list.ts": "b4cbdfd2c263a13e8a904b12d082f6177ea97d9297274a4be134e989450dfa6a",
    "https://deno.land/std@0.178.0/bytes/concat.ts": "d26d6f3d7922e6d663dacfcd357563b7bf4a380ce5b9c2bbe0c8586662f25ce2",
    "https://deno.land/std@0.178.0/bytes/copy.ts": "939d89e302a9761dcf1d9c937c7711174ed74c59eef40a1e4569a05c9de88219",
    "https://deno.land/std@0.178.0/bytes/ends_with.ts": "4228811ebc71615d27f065c54b5e815ec1972538772b0f413c0efe05245b472e",
    "https://deno.land/std@0.178.0/bytes/equals.ts": "b87494ce5442dc786db46f91378100028c402f83a14a2f7bbff6bda7810aefe3",
    "https://deno.land/std@0.178.0/bytes/includes_needle.ts": "76a8163126fb2f8bf86fd7f22192c3bb04bf6a20b987a095127c2ca08adf3ba6",
    "https://deno.land/std@0.178.0/bytes/index_of_needle.ts": "65c939607df609374c4415598fa4dad04a2f14c4d98cd15775216f0aaf597f24",
    "https://deno.land/std@0.178.0/bytes/last_index_of_needle.ts": "7181072883cb4908c6ce8f7a5bb1d96787eef2c2ab3aa94fe4268ab326a53cbf",
    "https://deno.land/std@0.178.0/bytes/mod.ts": "e869bba1e7a2e3a9cc6c2d55471888429a544e70a840c087672e656e7ba21815",
    "https://deno.land/std@0.178.0/bytes/repeat.ts": "6f5e490d8d72bcbf8d84a6bb04690b9b3eb5822c5a11687bca73a2318a842294",
    "https://deno.land/std@0.178.0/bytes/starts_with.ts": "3e607a70c9c09f5140b7a7f17a695221abcc7244d20af3eb47ccbb63f5885135",
    "https://deno.land/std@0.178.0/crypto/keystack.ts": "877ab0f19eb7d37ad6495190d3c3e39f58e9c52e0b6a966f82fd6df67ca55f90",
    "https://deno.land/std@0.178.0/crypto/timing_safe_equal.ts": "29a3e05afa48277ab4d9588c0b61f4afe542529302af180c866a4f2a09524169",
    "https://deno.land/std@0.178.0/encoding/base64.ts": "7de04c2f8aeeb41453b09b186480be90f2ff357613b988e99fabb91d2eeceba1",
    "https://deno.land/std@0.178.0/encoding/base64url.ts": "3f1178f6446834457b16bfde8b559c1cd3481727fe384d3385e4a9995dc2d851",
    "https://deno.land/std@0.178.0/http/_negotiation/common.ts": "14d1a52427ab258a4b7161cd80e1d8a207b7cc64b46e911780f57ead5f4323c6",
    "https://deno.land/std@0.178.0/http/_negotiation/encoding.ts": "ff747d107277c88cb7a6a62a08eeb8d56dad91564cbcccb30694d5dc126dcc53",
    "https://deno.land/std@0.178.0/http/_negotiation/language.ts": "7bcddd8db3330bdb7ce4fc00a213c5547c1968139864201efd67ef2d0d51887d",
    "https://deno.land/std@0.178.0/http/_negotiation/media_type.ts": "58847517cd549384ad677c0fe89e0a4815be36fe7a303ea63cee5f6a1d7e1692",
    "https://deno.land/std@0.178.0/http/cookie_map.ts": "8cf428c03ef17c197196a5c382495cd4adecbfb597f6f8f3cd7e1775c3e79ffd",
    "https://deno.land/std@0.178.0/http/http_errors.ts": "57169d9bdf4cda1982a3742693c146ab1bf2cbc88df003b40ac905a30013d4cb",
    "https://deno.land/std@0.178.0/http/http_status.ts": "8a7bcfe3ac025199ad804075385e57f63d055b2aed539d943ccc277616d6f932",
    "https://deno.land/std@0.178.0/http/negotiation.ts": "32761c921afa7847cf767fe81c81785721abccc0db0fc51c7ec2a45868b4ee4a",
    "https://deno.land/std@0.178.0/io/buf_reader.ts": "90a7adcb3638d8e1361695cdf844d58bcd97c41711dc6f9f8acc0626ebe097f5",
    "https://deno.land/std@0.178.0/io/buf_writer.ts": "2fcaadd9f157970fede6e79c8ea9a58556d8cf3c8a686c3fcaaf3875460092cc",
    "https://deno.land/std@0.178.0/io/buffer.ts": "e2b7564f684dad625cab08f5106f33572d325705d19a36822b3272fbdfb8f726",
    "https://deno.land/std@0.178.0/io/copy_n.ts": "c498021ce291576a68b5bae9f9d3a27f97644f4af6c1047fb1cff054af19e436",
    "https://deno.land/std@0.178.0/io/limited_reader.ts": "d709b5b3113d4cbf934415ba242596e0ecb130e8868fb47197217e09dbb59558",
    "https://deno.land/std@0.178.0/io/mod.ts": "2665bcccc1fd6e8627cca167c3e92aaecbd9897556b6f69e6d258070ef63fd9b",
    "https://deno.land/std@0.178.0/io/multi_reader.ts": "5f7ef6e987486322b38c72e206b8fbc8916d55a87fbcdc97a8b2596386c28d44",
    "https://deno.land/std@0.178.0/io/read_delim.ts": "7e102c66f00a118fa1e1ccd4abb080496f43766686907fd8b9522fdf85443586",
    "https://deno.land/std@0.178.0/io/read_int.ts": "7cb8bcdfaf1107586c3bacc583d11c64c060196cb070bb13ae8c2061404f911f",
    "https://deno.land/std@0.178.0/io/read_lines.ts": "baee9e35034f2fdfccf63bc24b7e3cb45aa1c1c5de26d178f7bcbc572e87772f",
    "https://deno.land/std@0.178.0/io/read_long.ts": "f0aaa420e3da1261c5d33c5e729f09922f3d9fa49f046258d4ff7a00d800c71e",
    "https://deno.land/std@0.178.0/io/read_range.ts": "28152daf32e43dd9f7d41d8466852b0d18ad766cd5c4334c91fef6e1b3a74eb5",
    "https://deno.land/std@0.178.0/io/read_short.ts": "805cb329574b850b84bf14a92c052c59b5977a492cd780c41df8ad40826c1a20",
    "https://deno.land/std@0.178.0/io/read_string_delim.ts": "46eb0c9db3547caf8c759631effa200bbe48924f9b34f41edc627bde36cee52d",
    "https://deno.land/std@0.178.0/io/slice_long_to_bytes.ts": "b096472afa3a0dd90fa84584dde7706ed29fc16d48009a581c49368f09fe70f4",
    "https://deno.land/std@0.178.0/io/string_reader.ts": "ad9cbecb8509732afcf3d73bb72fa551ec0ccc34f9b8127826247f0190753a65",
    "https://deno.land/std@0.178.0/io/string_writer.ts": "8a03c5858c24965a54c6538bed15f32a7c72f5704a12bda56f83a40e28e5433e",
    "https://deno.land/std@0.178.0/media_types/_db.ts": "7606d83e31f23ce1a7968cbaee852810c2cf477903a095696cdc62eaab7ce570",
    "https://deno.land/std@0.178.0/media_types/_util.ts": "916efbd30b6148a716f110e67a4db29d6949bf4048997b754415dd7e42c52378",
    "https://deno.land/std@0.178.0/media_types/content_type.ts": "c682589a0aeb016bfed355cc1ed6fbb3ead2ea48fc0000ac5de6a5730613ad1c",
    "https://deno.land/std@0.178.0/media_types/extension.ts": "7a4ef2813d7182f724a941f38161525996e4a67abc3cf6a0f9bc2168d73a0f0e",
    "https://deno.land/std@0.178.0/media_types/extensions_by_type.ts": "4358023feac696e6e9d49c0f1e76a859f03ca254df57812f31f8536890c3a443",
    "https://deno.land/std@0.178.0/media_types/format_media_type.ts": "1e35e16562e5c417401ffc388a9f8f421f97f0ee06259cbe990c51bae4e6c7a8",
    "https://deno.land/std@0.178.0/media_types/get_charset.ts": "8be15a1fd31a545736b91ace56d0e4c66ea0d7b3fdc5c90760e8202e7b4b1fad",
    "https://deno.land/std@0.178.0/media_types/mod.ts": "d3f0b99f85053bc0b98ecc24eaa3546dfa09b856dc0bbaf60d8956d2cdd710c8",
    "https://deno.land/std@0.178.0/media_types/parse_media_type.ts": "bed260d868ea271445ae41d748e7afed9b5a7f407d2777ead08cecf73e9278de",
    "https://deno.land/std@0.178.0/media_types/type_by_extension.ts": "6076a7fc63181d70f92ec582fdea2c927eb2cfc7f9c9bee9d6add2aca86f2355",
    "https://deno.land/std@0.178.0/media_types/vendor/mime-db.v1.52.0.ts": "6925bbcae81ca37241e3f55908d0505724358cda3384eaea707773b2c7e99586",
    "https://deno.land/std@0.178.0/path/_constants.ts": "e49961f6f4f48039c0dfed3c3f93e963ca3d92791c9d478ac5b43183413136e0",
    "https://deno.land/std@0.178.0/path/_interface.ts": "6471159dfbbc357e03882c2266d21ef9afdb1e4aa771b0545e90db58a0ba314b",
    "https://deno.land/std@0.178.0/path/_util.ts": "d7abb1e0dea065f427b89156e28cdeb32b045870acdf865833ba808a73b576d0",
    "https://deno.land/std@0.178.0/path/common.ts": "ee7505ab01fd22de3963b64e46cff31f40de34f9f8de1fff6a1bd2fe79380000",
    "https://deno.land/std@0.178.0/path/glob.ts": "d479e0a695621c94d3fd7fe7abd4f9499caf32a8de13f25073451c6ef420a4e1",
    "https://deno.land/std@0.178.0/path/mod.ts": "4b83694ac500d7d31b0cdafc927080a53dc0c3027eb2895790fb155082b0d232",
    "https://deno.land/std@0.178.0/path/posix.ts": "8b7c67ac338714b30c816079303d0285dd24af6b284f7ad63da5b27372a2c94d",
    "https://deno.land/std@0.178.0/path/separator.ts": "0fb679739d0d1d7bf45b68dacfb4ec7563597a902edbaf3c59b50d5bcadd93b1",
    "https://deno.land/std@0.178.0/path/win32.ts": "d186344e5583bcbf8b18af416d13d82b35a317116e6460a5a3953508c3de5bba",
    "https://deno.land/std@0.178.0/streams/_common.ts": "f45cba84f0d813de3326466095539602364a9ba521f804cc758f7a475cda692d",
    "https://deno.land/std@0.178.0/streams/buffer.ts": "7e7676c29e0e72f6821c3b5fede2540886a216bb91c849bb5db20bb82a01d8a1",
    "https://deno.land/std@0.178.0/streams/byte_slice_stream.ts": "cf5785b0d9223ebb51fcf6679d881dfaf614c3b288fb4577b511b6f7801a01aa",
    "https://deno.land/std@0.178.0/streams/copy.ts": "de0de21701d8cceba84ca01d9731c77f4b3597bb9de6a1b08f32250353feeae8",
    "https://deno.land/std@0.178.0/streams/delimiter_stream.ts": "de8f822a1c394cdb805a97e364400955cd1757cc282d932b4040a0f78fba3b5f",
    "https://deno.land/std@0.178.0/streams/early_zip_readable_streams.ts": "64828085be5812ec5f4896c10b59f14e5a322b2c0439be9331dde332ae9c91de",
    "https://deno.land/std@0.178.0/streams/iterate_reader.ts": "06491ed8f1bb1c619abbfa04c10b173ff95a93e51fe5037b7c1ad0b5cc01fc7d",
    "https://deno.land/std@0.178.0/streams/limited_bytes_transform_stream.ts": "3bc04143b8b91a923f5ee81a3c618b6606ac7da66ccbcde62a67aaa0375cbc71",
    "https://deno.land/std@0.178.0/streams/limited_transform_stream.ts": "b336f5d649a06e35e2692849e3682a673bb32531738443eb2ce9f57538722f75",
    "https://deno.land/std@0.178.0/streams/merge_readable_streams.ts": "5d6302888f4bb0616dafb5768771be0aec9bedc05fbae6b3d726d05ffbec5b15",
    "https://deno.land/std@0.178.0/streams/mod.ts": "c07ec010e700b9ea887dc36ca08729828bc7912f711e4054e24d33fd46282252",
    "https://deno.land/std@0.178.0/streams/read_all.ts": "bfa220b0e1d06fa4d0cb5178baba8f8b466019a7411511982bfa2320ca292815",
    "https://deno.land/std@0.178.0/streams/readable_stream_from_iterable.ts": "cae337ddafd2abc5e3df699ef2af888ac04091f12732ae658448fba2c7b187e8",
    "https://deno.land/std@0.178.0/streams/readable_stream_from_reader.ts": "9aceaeefa9e04b08f56b2d07272baedc3b6432840b66198d72fa2ada3e6608ea",
    "https://deno.land/std@0.178.0/streams/reader_from_iterable.ts": "05f7759b9336fd4c233d9daadf92aec9a7d2c07a05986da466a935cec2dd79d9",
    "https://deno.land/std@0.178.0/streams/reader_from_stream_reader.ts": "3fda9390ec8520c8a9ea2aba2579208b18880a7663d7a9feec8f193b7af14e41",
    "https://deno.land/std@0.178.0/streams/text_delimiter_stream.ts": "ee216316360366c3744197f5665a066a25e6baa8cfe836fbe9a0033e079e089e",
    "https://deno.land/std@0.178.0/streams/text_line_stream.ts": "a9dd2636c6b90e626e19df26c97034c5f638bdd957cbd5c531d6278fe1d08e90",
    "https://deno.land/std@0.178.0/streams/to_transform_stream.ts": "31c8cce967a2f602be5f164973a5c6cedd4c76e1d2fbc22ae0081b084f73fb0e",
    "https://deno.land/std@0.178.0/streams/writable_stream_from_writer.ts": "0320b759aa343f9f4f58b014fe301d9a7abcbfb8413d260502a885995e6a0776",
    "https://deno.land/std@0.178.0/streams/write_all.ts": "3b2e1ce44913f966348ce353d02fa5369e94115181037cd8b602510853ec3033",
    "https://deno.land/std@0.178.0/streams/writer_from_stream_writer.ts": "31126a6bf2e678c5a718011d4831dbe75dbdbd885965d3dbd5dd105e6f20f976",
    "https://deno.land/std@0.178.0/streams/zip_readable_streams.ts": "9eb82070d83055fe6f077192fb204dc7612695a4b330148e9aa376df1a65e708",
    "https://deno.land/std@0.178.0/types.d.ts": "220ed56662a0bd393ba5d124aa6ae2ad36a00d2fcbc0e8666a65f4606aaa9784",
    "https://deno.land/std@0.181.0/_util/asserts.ts": "178dfc49a464aee693a7e285567b3d0b555dc805ff490505a8aae34f9cfb1462",
    "https://deno.land/std@0.181.0/bytes/concat.ts": "d26d6f3d7922e6d663dacfcd357563b7bf4a380ce5b9c2bbe0c8586662f25ce2",
    "https://deno.land/std@0.181.0/bytes/copy.ts": "939d89e302a9761dcf1d9c937c7711174ed74c59eef40a1e4569a05c9de88219",
    "https://deno.land/std@0.181.0/fmt/colors.ts": "d67e3cd9f472535241a8e410d33423980bec45047e343577554d3356e1f0ef4e",
    "https://deno.land/std@0.181.0/fs/exists.ts": "b8c8a457b71e9d7f29b9d2f87aad8dba2739cbe637e8926d6ba6e92567875f8e",
    "https://deno.land/std@0.181.0/io/buf_writer.ts": "48c33c8f00b61dcbc7958706741cec8e59810bd307bc6a326cbd474fe8346dfd",
    "https://deno.land/std@0.181.0/log/handlers.ts": "38871ecbfa67b0d39dc3384210439ac9a13cba6118b912236f9011b5989b9a4d",
    "https://deno.land/std@0.181.0/log/levels.ts": "6309147664e9e008cd6671610f2505c4c95f181f6bae4816a84b33e0aec66859",
    "https://deno.land/std@0.181.0/log/logger.ts": "257ceb47e3f5f872068073de9809b015a7400e8d86dd40563c1d80169e578f71",
    "https://deno.land/std@0.181.0/log/mod.ts": "36d156ad18de3f1806c6ddafa4965129be99ccafc27f1813de528d65b6c528bf",
    "https://deno.land/std@0.181.0/types.d.ts": "dbaeb2c4d7c526db9828fc8df89d8aecf53b9ced72e0c4568f97ddd8cda616a4",
    "https://deno.land/std@0.181.0/uuid/_common.ts": "cb1441f4df460571fc0919e1c5c217f3e7006189b703caf946604b3f791ae34d",
    "https://deno.land/std@0.181.0/uuid/mod.ts": "9c249395e83f73dbaa8b10b9ee2a402687fdc0ea355d8331f650d936debd7cea",
    "https://deno.land/std@0.181.0/uuid/v1.ts": "fe36009afce7ced96e1b5928565e12c5a8eb0df1a2b5063c0a72bda6b75c0de5",
    "https://deno.land/std@0.181.0/uuid/v4.ts": "0f081880c156fd59b9e44e2f84ea0f94a3627e89c224eaf6cc982b53d849f37e",
    "https://deno.land/std@0.181.0/uuid/v5.ts": "10558a9c09a06b86fef9e61205180b9585ec4fe3fed7d696e675b8e118f74e8e",
    "https://deno.land/std@0.53.0/async/deferred.ts": "ac95025f46580cf5197928ba90995d87f26e202c19ad961bc4e3177310894cdc",
    "https://deno.land/std@0.53.0/async/delay.ts": "35957d585a6e3dd87706858fb1d6b551cb278271b03f52c5a2cb70e65e00c26a",
    "https://deno.land/std@0.53.0/async/mod.ts": "bf46766747775d0fc4070940d20d45fb311c814989485861cdc8a8ef0e3bbbab",
    "https://deno.land/std@0.53.0/async/mux_async_iterator.ts": "e2a4c2c53aee22374b493b88dfa08ad893bc352c8aeea34f1e543e938ec6ccc6",
    "https://deno.land/std@0.53.0/bytes/mod.ts": "5ad1325fc232f19b59fefbded30013b4bcd39fee4cf1eee73d6a6915ae46bdcd",
    "https://deno.land/std@0.53.0/datetime/mod.ts": "b533eb7f7627799e5030131ae80dae4d73e100507a3a1fddc1a34be677de7b1b",
    "https://deno.land/std@0.53.0/encoding/utf8.ts": "8654fa820aa69a37ec5eb11908e20b39d056c9bf1c23ab294303ff467f3d50a1",
    "https://deno.land/std@0.53.0/fmt/colors.ts": "ec9d653672a9a3c7b6eafe53c5bc797364a2db2dcf766ab649c1155fea7a80b2",
    "https://deno.land/std@0.53.0/hash/sha256.ts": "830ce61b9bb5413415850436f7b41bf839786ca3a4be6c0635f71acf06bb1a04",
    "https://deno.land/std@0.53.0/http/_io.ts": "025d3735c6b9140fc4bf748bc41dd4e80272de1bc398773ea3e9a8a727cd6032",
    "https://deno.land/std@0.53.0/http/cookie.ts": "948e9066409bdd78b1ce99774e8254cddcd41c6b8fd5ac80183e3928e2777d15",
    "https://deno.land/std@0.53.0/http/http_status.ts": "84ae4289053c4f045cd655fd3b05f33ce62c685bdc0eac2210b12d827ffa7157",
    "https://deno.land/std@0.53.0/http/server.ts": "d2b977c100d830262d8525915c3f676ce33f1e986926a3cdbc81323cf724b599",
    "https://deno.land/std@0.53.0/io/bufio.ts": "0be99d122e459c0040fbadb5c984935fd12a662c9b8c7fddd1cde4176c6cff27",
    "https://deno.land/std@0.53.0/io/util.ts": "ae133d310a0fdcf298cea7bc09a599c49acb616d34e148e263bcb02976f80dee",
    "https://deno.land/std@0.53.0/path/_constants.ts": "f6c332625f21d49d5a69414ba0956ac784dbf4b26a278041308e4914ba1c7e2e",
    "https://deno.land/std@0.53.0/path/_globrex.ts": "a88b9da6a150b8d8e87a7b9eef794f97b10e709910071bb57f8619dd2d0291dc",
    "https://deno.land/std@0.53.0/path/_util.ts": "b678a7ecbac6b04c1166832ae54e1024c0431dd2b340b013c46eb2956ab24d4c",
    "https://deno.land/std@0.53.0/path/common.ts": "95115757c9dc9e433a641f80ee213553b6752aa6fbb87eb9f16f6045898b6b14",
    "https://deno.land/std@0.53.0/path/glob.ts": "ab85e98e4590eae10e561ce8266ad93ebe5af2b68c34dc68b85d9e25bccb4eb7",
    "https://deno.land/std@0.53.0/path/interface.ts": "89f6e68b0e3bba1401a740c8d688290957de028ed86f95eafe76fe93790ae450",
    "https://deno.land/std@0.53.0/path/mod.ts": "a789541f8df9170311daa98313c5a76c06b5988f2948647957b3ec6e017d963e",
    "https://deno.land/std@0.53.0/path/posix.ts": "b742fe902d5d6821c39c02319eb32fc5a92b4d4424b533c47f1a50610afbf381",
    "https://deno.land/std@0.53.0/path/separator.ts": "7bdb45c19c5c934c49c69faae861b592ef17e6699a923449d3eaaf83ec4e7919",
    "https://deno.land/std@0.53.0/path/win32.ts": "61248a2b252bb8534f54dafb4546863545e150d2016c74a32e2a4cfb8e061b3f",
    "https://deno.land/std@0.53.0/testing/asserts.ts": "1dc683a61218e2d8c5e9e87e3602a347000288fb207b4d7301414935620e24b3",
    "https://deno.land/std@0.53.0/testing/diff.ts": "8f591074fad5d35c0cafa63b1c5334dc3a17d5b934f3b9e07172eed9d5b55553",
    "https://deno.land/std@0.53.0/textproto/mod.ts": "aa585cd8dceb14437cf4499d6620c1fe861140ccfe56125eb931db4cfb90c3b2",
    "https://deno.land/std@0.62.0/_util/assert.ts": "e1f76e77c5ccb5a8e0dbbbe6cce3a56d2556c8cb5a9a8802fc9565af72462149",
    "https://deno.land/std@0.62.0/hash/sha1.ts": "a887e14efc6c8d17b062647dc5eff07b8d8ed446eb7f994d69ae0e808db31e65",
    "https://deno.land/std@0.62.0/node/_util/_util_callbackify.ts": "50f980fafc0b12172ba53b26036835f55dd3296b46556a227f8616b0682179e0",
    "https://deno.land/std@0.62.0/node/_util/_util_promisify.ts": "35f7b8a4123d3a44b1aa349ada9b671fb096cb1144520482767ed72a8799708f",
    "https://deno.land/std@0.62.0/node/_util/_util_types.ts": "217a4c1055289f25d1dc9097638aeeb7662136d34e6f49df5f27038872dc8d6f",
    "https://deno.land/std@0.62.0/node/_utils.ts": "786b4f364609c8066dda897a9557d00c2a3a48e884ad734549c2ced692509d97",
    "https://deno.land/std@0.62.0/node/util.ts": "2399b5b640683221cdab13ac94e0c16d62f74d5ba80ef2313aed731a9b0ab1d4",
    "https://deno.land/std@0.62.0/uuid/_common.ts": "6fd4cb11fb959d6181fe91e7e0be77a91a0aee4dfea5fbc6cb768f1b56404298",
    "https://deno.land/std@0.62.0/uuid/mod.ts": "3b37d4e0e75891caa5c63c79dedb68a5f449b6c4e9f57ec4e57e385099674030",
    "https://deno.land/std@0.62.0/uuid/v1.ts": "67dbf98aa6378ee2fa5d4c9758df5c6f7fc9680ee32e245a197a42bbf42c7afa",
    "https://deno.land/std@0.62.0/uuid/v4.ts": "6452fea17180252ba181f93be2b35ddccb156130f2d07c5539f097b6a172f7ee",
    "https://deno.land/std@0.62.0/uuid/v5.ts": "eb1a657916f9d7bc88e216cd9f7d23b30c5eee46915a2df14bc6ac392e21bbca",
    "https://deno.land/x/cors@v1.2.2/abcCors.ts": "cdf83a7eaa69a1bf3ab910d18b9422217902fac47601adcaf0afac5a61845d48",
    "https://deno.land/x/cors@v1.2.2/attainCors.ts": "7d6aba0f942495cc31119604e0895c9bb8edd8f8baa7fe78e6c655bd0b4cbf59",
    "https://deno.land/x/cors@v1.2.2/cors.ts": "0e2d9167e3685f9bcf48f565e312b6e1883fa458f7337e5ce7bc2e3b29767980",
    "https://deno.land/x/cors@v1.2.2/mithCors.ts": "3a359d6e716e0410ede278ab54d875b293a2d66d838aaa7cfbf9ddc1e9e990d3",
    "https://deno.land/x/cors@v1.2.2/mod.ts": "2b351913f56d77ad80cb3b8633d4539c9eeddb426dae79437ada0e6a9cb4f1a6",
    "https://deno.land/x/cors@v1.2.2/oakCors.ts": "1348dc7673c61b85d2e80559a7b44f8e0246eaa6bcc6ec744fafe5d9b13b5c71",
    "https://deno.land/x/cors@v1.2.2/opineCors.ts": "fb5790115c26b7061d84b8d6c17d258a1e241bcab75b0bc3ca1fdb2e57bc5072",
    "https://deno.land/x/cors@v1.2.2/types.ts": "97546633ccc7f0df7a29bacba5d91dc6f61decdd1b65258300244dba905d34b8",
    "https://deno.land/x/dotenv@v3.2.2/load.ts": "cbd76a0aee01aad8d09222afaa1dd04b84d9d3e44637503b01bf77a91df9e041",
    "https://deno.land/x/dotenv@v3.2.2/mod.ts": "077b48773de9205266a0b44c3c3a3c3083449ed64bb0b6cc461b95720678d38e",
    "https://deno.land/x/dotenv@v3.2.2/util.ts": "693730877b13f8ead2b79b2aa31e2a0652862f7dc0c5f6d2f313f4d39c7b7670",
    "https://deno.land/x/media_types@v2.3.3/db.ts": "ecbb836ceadc885e53192a9923f054ac2417cbdb1892edf960fd328b1be3f665",
    "https://deno.land/x/media_types@v2.3.3/deps.ts": "b4d4698240d6c87bdb0c51bb79e288305e945b82a0c94c85dec792bd199fec79",
    "https://deno.land/x/media_types@v2.3.3/mod.ts": "d8bd0fbb6047902b02ee2f30d1689adbab169893c418639040ef22bfa92e9896",
    "https://deno.land/x/oak@v12.1.0/application.ts": "641c071bf14b476d603be18a984573e8a7c0da9c1bfc141ae44dad8012f2c5d6",
    "https://deno.land/x/oak@v12.1.0/body.ts": "c7392f1dae04a360838f43b9cdd2f83d29c1eff4e6071d5f0cf1f3999b1602bc",
    "https://deno.land/x/oak@v12.1.0/buf_reader.ts": "7cf96aa0ac670b75098113cf88a291a68332cc45efa8a9698f064ac5b8098a0f",
    "https://deno.land/x/oak@v12.1.0/content_disposition.ts": "8b8c3cb2fba7138cd5b7f82fc3b5ea39b33db924a824b28261659db7e164621e",
    "https://deno.land/x/oak@v12.1.0/context.ts": "81b97dab6b35ab872d5b2ff5221b4bc71b425f7069ce1a1dcc1d20c50a09865f",
    "https://deno.land/x/oak@v12.1.0/deps.ts": "29134b39303d85527915650d6f11909c1e29c4cd208dd2ad9887ce2537167b42",
    "https://deno.land/x/oak@v12.1.0/etag.ts": "19918f5e1964e3fe6c9fe524a88ffbf9900ce1dfe4146b187b2a86256bb6b663",
    "https://deno.land/x/oak@v12.1.0/headers.ts": "f50fb05614432bda971021633129aa2e8737e0844e0f01c27a937997b4d8dd4f",
    "https://deno.land/x/oak@v12.1.0/helpers.ts": "42212afa07a560b2958359cc19577417e89d9574d6579551a0af36ff7f00cc6e",
    "https://deno.land/x/oak@v12.1.0/http_request.ts": "9f2cc5f4b9e72c5156dd4710875d9f54f992d69ca1a8ad5e0915a773f0e26e8b",
    "https://deno.land/x/oak@v12.1.0/http_server_flash.ts": "6afeb6bfe77a08d99b205ebf09d18c98b4050ce9cbc66e24be1fba6e46bc7a4f",
    "https://deno.land/x/oak@v12.1.0/http_server_native.ts": "0141e1339ed9a33bc26ce537ddab5adbb3542b35916d92de286aed4937e4a6d6",
    "https://deno.land/x/oak@v12.1.0/http_server_native_request.ts": "be315d476550e149c58d7ccd2812be30f373ceedc9c323c300eef03b7c071aa9",
    "https://deno.land/x/oak@v12.1.0/isMediaType.ts": "62d638abcf837ece3a8f07a4b7ca59794135cb0d4b73194c7d5837efd4161005",
    "https://deno.land/x/oak@v12.1.0/mediaTyper.ts": "042b853fc8e9c3f6c628dd389e03ef481552bf07242efc3f8a1af042102a6105",
    "https://deno.land/x/oak@v12.1.0/middleware.ts": "de14f045a2ddfe845d89b5d3140ff52cbcc6f3b3965391106ce04480f9786737",
    "https://deno.land/x/oak@v12.1.0/middleware/proxy.ts": "b927232f97ec18af4185d7912e45b1191e3ffe24a9c875262ad524211b1274c9",
    "https://deno.land/x/oak@v12.1.0/mod.ts": "210619d431e41c763486467b0498ef50de79119d750abc57331f76e36f642fc1",
    "https://deno.land/x/oak@v12.1.0/multipart.ts": "98fe9f226de8c26a16d067027b69fb1e34ad8c4055767dd157907d06cea36f9a",
    "https://deno.land/x/oak@v12.1.0/range.ts": "68a6df7ab3b868843e33f52deb94c3d4cab25cb9ef369691990c2ac15b04fafb",
    "https://deno.land/x/oak@v12.1.0/request.ts": "5852ad36389b48e0428a6f3c90854d01f10d1b15949b56001e1e75c2a00ef0f9",
    "https://deno.land/x/oak@v12.1.0/response.ts": "867d81f7eb0c65c7b8e0e0e9e145ededd5b6daa9ad922e6adc6a36a525f439a6",
    "https://deno.land/x/oak@v12.1.0/router.ts": "5b266091e55f634c9130e6de5dd331ddfc4c190ee7916a25e0a0f75502edbc32",
    "https://deno.land/x/oak@v12.1.0/send.ts": "c592a6782c82442d011923297a724c2cba8de14c4a9384c6eb9cebb766817e92",
    "https://deno.land/x/oak@v12.1.0/server_sent_event.ts": "948b0fe4cb3fe38c7db15e476eb3b7671ef20e566d130e9f701d7c0146aa47dd",
    "https://deno.land/x/oak@v12.1.0/structured_clone.ts": "9c2d21c62f616400305a60cbd29eb06764ee97edc423223424b6cf55df0e8be2",
    "https://deno.land/x/oak@v12.1.0/testing.ts": "a0be5c84981afde666de29630f34b09d944ca1a2fe6a5185644b60ad95e16d18",
    "https://deno.land/x/oak@v12.1.0/types.d.ts": "41951a18c3bfdb11e40707cab75da078ba8a4907cd7d4e11d8536bc2db0dde05",
    "https://deno.land/x/oak@v12.1.0/util.ts": "3af8c4ed04c6cc2bedbe66e562a77fc59c72df31c55a902a63885861ca1639d6",
    "https://deno.land/x/oak@v5.0.0/application.ts": "a20fe1277f469ea0ccd3bd964084647ddf4ece8c89386c023f03b5a8c30a3084",
    "https://deno.land/x/oak@v5.0.0/context.ts": "50bad3ac822cdce255e63c2c37b7926fce542c501176bae1d53fd153ac415a9f",
    "https://deno.land/x/oak@v5.0.0/cookies.ts": "f7c5ef6b70db89053bbe4605e5c1a1e310ed0296aef7a7d93b32f7fc746e00bd",
    "https://deno.land/x/oak@v5.0.0/deps.ts": "4f5ebabaf8acb59f70eef901e47808e64711e71041d23ad599978a4985b41de1",
    "https://deno.land/x/oak@v5.0.0/helpers.ts": "ffc907c49368dcbe591f0bfee122a354b3a66def9621de48e06bbbdefe913b3d",
    "https://deno.land/x/oak@v5.0.0/httpError.ts": "a8049129e86b02305da26e82f1d916456a006f2d653f519c4413cdf7682245dd",
    "https://deno.land/x/oak@v5.0.0/isMediaType.ts": "77b94675822d7de7f6af21bb765ed9f25b956c7ac4d292dd66c2ecb9ea9478e5",
    "https://deno.land/x/oak@v5.0.0/keyStack.ts": "a490066c90cbfea6b7de73303b9530e68ffbe86ff48b99ff17dab1cc9cf0751f",
    "https://deno.land/x/oak@v5.0.0/mediaTyper.ts": "042b853fc8e9c3f6c628dd389e03ef481552bf07242efc3f8a1af042102a6105",
    "https://deno.land/x/oak@v5.0.0/middleware.ts": "aac7ab52d12e86905833c23a1683ec1fe4186ceaf83fdb039d77af5599a4eb57",
    "https://deno.land/x/oak@v5.0.0/mod.ts": "43296490a1cfcc565a74e163368ba66f2e8878d5c41a3e8f9bee2ac616cc2efb",
    "https://deno.land/x/oak@v5.0.0/negotiation/charset.ts": "b4c2e0c49dd5122f130f95bf29508448d983c424801b5bc304b00288b5ae3195",
    "https://deno.land/x/oak@v5.0.0/negotiation/common.ts": "f54d599d37408005f8c565d0f6505de51fed31feaa3654a7758e2359c006b02c",
    "https://deno.land/x/oak@v5.0.0/negotiation/encoding.ts": "b6b351150dfaa37d43c1e4679f0afa7ee70c2fa775d8bc8b9e9baf15bcf65888",
    "https://deno.land/x/oak@v5.0.0/negotiation/language.ts": "62ef13ea3146538dd52a4666611bd423ebb9a6438e7312398e17a4d16dbafb51",
    "https://deno.land/x/oak@v5.0.0/negotiation/mediaType.ts": "7e25cc34600beea3bf0b0879ff1783c752260fcb517dffea2e122830c36e8451",
    "https://deno.land/x/oak@v5.0.0/request.ts": "3147e8ab4a5597dc9b7e652e290b184c90875d333c58cebc9a3fb4cba40d1500",
    "https://deno.land/x/oak@v5.0.0/response.ts": "02b7150a43648ec586d818cf3bc0030235b58315624f7077867843c5ad0b4919",
    "https://deno.land/x/oak@v5.0.0/router.ts": "b88606b1fb63fb3c15dccd3c7a15d39a1ed322e8ba277a8cee38b81ce99eb79c",
    "https://deno.land/x/oak@v5.0.0/send.ts": "13f26864c0f8ba7fc37579ed5b9383bb82421a68c5f991d0efbdec01ceeca33f",
    "https://deno.land/x/oak@v5.0.0/tssCompare.ts": "e72cc0039d561bf2a56746194cf647376d686f9dcdc4a500285631ab6fb9c774",
    "https://deno.land/x/oak@v5.0.0/types.d.ts": "656d2c1df622c3a01738aed0ae5d35495302e5f68830b3c46ffbf5408924310e",
    "https://deno.land/x/oak@v5.0.0/util.ts": "fe6ff98b22017e0d0b2be57486ad908593e1fe7690a3ee764e84beb5f093f2f7",
    "https://deno.land/x/path_to_regexp@v6.2.1/index.ts": "894060567837bae8fc9c5cbd4d0a05e9024672083d5883b525c031eea940e556",
    "https://deno.land/x/postgres@v0.17.0/client.ts": "348779c9f6a1c75ef1336db662faf08dce7d2101ff72f0d1e341ba1505c8431d",
    "https://deno.land/x/postgres@v0.17.0/client/error.ts": "0817583b666fd546664ed52c1d37beccc5a9eebcc6e3c2ead20ada99b681e5f7",
    "https://deno.land/x/postgres@v0.17.0/connection/auth.ts": "1070125e2ac4ca4ade36d69a4222d37001903092826d313217987583edd61ce9",
    "https://deno.land/x/postgres@v0.17.0/connection/connection.ts": "428ed3efa055870db505092b5d3545ef743497b7b4b72cf8f0593e7dd4788acd",
    "https://deno.land/x/postgres@v0.17.0/connection/connection_params.ts": "52bfe90e8860f584b95b1b08c254dde97c3aa763c4b6bee0c80c5930e35459e0",
    "https://deno.land/x/postgres@v0.17.0/connection/message.ts": "f9257948b7f87d58bfbfe3fc6e2e08f0de3ef885655904d56a5f73655cc22c5a",
    "https://deno.land/x/postgres@v0.17.0/connection/message_code.ts": "466719008b298770c366c5c63f6cf8285b7f76514dadb4b11e7d9756a8a1ddbf",
    "https://deno.land/x/postgres@v0.17.0/connection/packet.ts": "050aeff1fc13c9349e89451a155ffcd0b1343dc313a51f84439e3e45f64b56c8",
    "https://deno.land/x/postgres@v0.17.0/connection/scram.ts": "0c7a2551fe7b1a1c62dd856b7714731a7e7534ccca10093336782d1bfc5b2bd2",
    "https://deno.land/x/postgres@v0.17.0/deps.ts": "f47ccb41f7f97eaad455d94f407ef97146ae99443dbe782894422c869fbba69e",
    "https://deno.land/x/postgres@v0.17.0/mod.ts": "a1e18fd9e6fedc8bc24e5aeec3ae6de45e2274be1411fb66e9081420c5e81d7d",
    "https://deno.land/x/postgres@v0.17.0/pool.ts": "892db7b5e1787988babecc994a151ebbd7d017f080905cbe9c3d7b44a73032a9",
    "https://deno.land/x/postgres@v0.17.0/query/array_parser.ts": "f8a229d82c3801de8266fa2cc4afe12e94fef8d0c479e73655c86ed3667ef33f",
    "https://deno.land/x/postgres@v0.17.0/query/decode.ts": "44a4a6cbcf494ed91a4fecae38a57dce63a7b519166f02c702791d9717371419",
    "https://deno.land/x/postgres@v0.17.0/query/decoders.ts": "16cb0e60227d86692931e315421b15768c78526e3aeb84e25fcc4111096de9fd",
    "https://deno.land/x/postgres@v0.17.0/query/encode.ts": "5f1418a2932b7c2231556e4a5f5f56efef48728014070cfafe7656963f342933",
    "https://deno.land/x/postgres@v0.17.0/query/oid.ts": "8c33e1325f34e4ca9f11a48b8066c8cfcace5f64bc1eb17ad7247af4936999e1",
    "https://deno.land/x/postgres@v0.17.0/query/query.ts": "edb473cbcfeff2ee1c631272afb25d079d06b66b5853f42492725b03ffa742b6",
    "https://deno.land/x/postgres@v0.17.0/query/transaction.ts": "8e75c3ce0aca97da7fe126e68f8e6c08d640e5c8d2016e62cee5c254bebe7fe8",
    "https://deno.land/x/postgres@v0.17.0/query/types.ts": "a6dc8024867fe7ccb0ba4b4fa403ee5d474c7742174128c8e689c3b5e5eaa933",
    "https://deno.land/x/postgres@v0.17.0/utils/deferred.ts": "dd94f2a57355355c47812b061a51b55263f72d24e9cb3fdb474c7519f4d61083",
    "https://deno.land/x/postgres@v0.17.0/utils/utils.ts": "19c3527ddd5c6c4c49ae36397120274c7f41f9d3cbf479cb36065d23329e9f90",
    "https://deno.land/x/validasaur@v0.15.0/mod.ts": "0753bce6aa757a1dbc59592ad54e36cba97cd6588e777183cc5cee35b37261a8",
    "https://deno.land/x/validasaur@v0.15.0/src/interfaces.ts": "81f30c34b563f08b384b39fc91a2eef2a81c5c3445e380a1229ea92f400bd410",
    "https://deno.land/x/validasaur@v0.15.0/src/messages.ts": "00b32752737e973e9b6dd4a90ec0a066fe5af48a592c348ce05da093be90869b",
    "https://deno.land/x/validasaur@v0.15.0/src/rules.ts": "bda84df706e25957dfe66d19cb291ad0ff3a6bf32a4ae5fec6613d02f0b460d7",
    "https://deno.land/x/validasaur@v0.15.0/src/rules/date_after.ts": "87372bfba74286f53b786cbef37db7e4d68ececfedbbeb1a03313a70816c1767",
    "https://deno.land/x/validasaur@v0.15.0/src/rules/date_after_or_equal.ts": "8765337c31a14c11df5cf9db765c375079919e31f14509dd49ca013b9868e2d3",
    "https://deno.land/x/validasaur@v0.15.0/src/rules/date_before.ts": "c654a5c0f03898a8324824187dcccbe0fc8b4ef85192a2e506a33b02b99af921",
    "https://deno.land/x/validasaur@v0.15.0/src/rules/date_before_or_equal.ts": "dddccf6359e75e9ef8bfff41d6b4e461b85301c19169d02e8953072c9caa52b0",
    "https://deno.land/x/validasaur@v0.15.0/src/rules/date_between.ts": "266c75ddb288327cba2e38a60ff768fec12d9a620302408ce91aa96b3331b9e0",
    "https://deno.land/x/validasaur@v0.15.0/src/rules/either.ts": "3297f3c9fe19dec5fc86a5f8d1f0b0a5930c357e2c4a4ca6a74dcac74c0c2c05",
    "https://deno.land/x/validasaur@v0.15.0/src/rules/ends_with.ts": "eee020606b025ba9a5a1df5ae271a7a323448495e6dc5382e141b364e040ee61",
    "https://deno.land/x/validasaur@v0.15.0/src/rules/is_array.ts": "0affcc5a12d7d324fd9ffbe2a8a336207e2c63d0e2d76dda7dfdb96eaa2c415f",
    "https://deno.land/x/validasaur@v0.15.0/src/rules/is_bool.ts": "8985e7675336ced7795f1f77c181c0eef060e6628d4483717fa634bd0ee53ab8",
    "https://deno.land/x/validasaur@v0.15.0/src/rules/is_date.ts": "7a08c19d2d8c115638acf4f8abd7918b35025cb9ba84228dec27594cc50028df",
    "https://deno.land/x/validasaur@v0.15.0/src/rules/is_email.ts": "7aa152067da0326fab08d6facef6ab42ab5979016582609d0792719372fafe8c",
    "https://deno.land/x/validasaur@v0.15.0/src/rules/is_float.ts": "3a700eabab6e85708e62be0f6b5f36e675fe2a10a367def8d5d436e2ad627bd8",
    "https://deno.land/x/validasaur@v0.15.0/src/rules/is_in.ts": "f012257894012dc2b417da16d61f771ccfbfc5cadc0c9fd5a2c531457f54af94",
    "https://deno.land/x/validasaur@v0.15.0/src/rules/is_int.ts": "720a8651658223363d3667eb7b131e39ce66c6b33474dc2e615ae7751edd49dc",
    "https://deno.land/x/validasaur@v0.15.0/src/rules/is_ipv4.ts": "97eab075f507abf527330f383ca7f19e9ae03e9cd31a9ee91a032a12b5d43f67",
    "https://deno.land/x/validasaur@v0.15.0/src/rules/is_ipv6.ts": "27ef5b36ebb9a4e4b2ad99b670b56c82b3620cccef81db9ddaf5160fc98b9663",
    "https://deno.land/x/validasaur@v0.15.0/src/rules/is_number.ts": "052caf27f1ba864355988788e76e1fdaebb2c213f4ca70e18959d4ab76a2e796",
    "https://deno.land/x/validasaur@v0.15.0/src/rules/is_numeric.ts": "1c7150d7ef72e7ec07fd1901c705d097bf6e42785bf552e3e45a6915a6518cb0",
    "https://deno.land/x/validasaur@v0.15.0/src/rules/is_string.ts": "f1e746ff82a528757e9aa29a359592164f5c1281c672d3bd3af79c60f940015a",
    "https://deno.land/x/validasaur@v0.15.0/src/rules/length_between.ts": "172ccec9a48764cc4a5e1bab73631d11376ea9b198b36d2be0fb9c332a85af59",
    "https://deno.land/x/validasaur@v0.15.0/src/rules/match.ts": "f77dce3bb91accda34cce8902ece104153dff0f0a567290560dcb6eae061299c",
    "https://deno.land/x/validasaur@v0.15.0/src/rules/max_length.ts": "4190065445d0765f3eb4e4489417899b45933f3104ab8a4b431faa652844b560",
    "https://deno.land/x/validasaur@v0.15.0/src/rules/max_number.ts": "983ac1b43fc58a5cab2ae0fc45e482322f0235daaeeb4c3d7a2222c4737bbf63",
    "https://deno.land/x/validasaur@v0.15.0/src/rules/min_length.ts": "684929b65f6d46aa13b317d732d0f5077f4e88eb888216ceef33bc7fdccd6f24",
    "https://deno.land/x/validasaur@v0.15.0/src/rules/min_number.ts": "3360d7ec8b191633bfab9ce17c9d24b7eeb31a1f791e5fb6b9fedf3af50435e0",
    "https://deno.land/x/validasaur@v0.15.0/src/rules/not_in.ts": "a796f33f12887f3881f235380b2ef0f7d2cf67dc21a0b3cc492f49051c60af5a",
    "https://deno.land/x/validasaur@v0.15.0/src/rules/not_null.ts": "ae57aab9e0ff7818ba214061032d2918e3d1900c1bfc492edfd2c0817af11e8b",
    "https://deno.land/x/validasaur@v0.15.0/src/rules/nullable.ts": "b7b4f9a3c9d3dc6aff89bc3acaf8f6507ba512de0607868bcdbb2788d5fae804",
    "https://deno.land/x/validasaur@v0.15.0/src/rules/number_between.ts": "171037b8f785eeea6b1dd22dc5c6000bffd46912a09e0325d1ca7f341a5a4591",
    "https://deno.land/x/validasaur@v0.15.0/src/rules/required.ts": "3ae87569f301b07f48f4e1c32b37274e3084d92035f6eeca2ad3e8fdf7c2f63b",
    "https://deno.land/x/validasaur@v0.15.0/src/rules/required_if.ts": "7e37332fa5a23a1558aae4867a8484b2b413c1a7ad2f90b5424ab8631046f2e2",
    "https://deno.land/x/validasaur@v0.15.0/src/rules/required_unless.ts": "0d6af590b9e9c34147a02fe206cb94fa1e3c3fcd251fa19ae973b153b256162c",
    "https://deno.land/x/validasaur@v0.15.0/src/rules/required_when.ts": "caf2c3d5937672309d7d690198ee1a1e3fb244d17563d02e1fbaae1bc2497774",
    "https://deno.land/x/validasaur@v0.15.0/src/rules/starts_with.ts": "31b92152ce9cb650ba7ded96f4969e6626e11d7007ab286edb1b5a0f35a71e71",
    "https://deno.land/x/validasaur@v0.15.0/src/rules/validate_array.ts": "9a74d748cc8a1d59aa5edd2fcade452bc701c3c48b366164b9216ffaf9ed3331",
    "https://deno.land/x/validasaur@v0.15.0/src/rules/validate_object.ts": "396ee422f35295ee1f96a7937bcaed07cb580480502782b73554b1c92f908235",
    "https://deno.land/x/validasaur@v0.15.0/src/types.ts": "b7dec9b9f89b2fcb9984f8082a379174495e4d009743320f714cfb4ad9296cbe",
    "https://deno.land/x/validasaur@v0.15.0/src/utils.ts": "7a6b8d2a320288890e931aa89baaaffa931bc3eabf118eac968d82f118021b50",
    "https://deno.land/x/validasaur@v0.15.0/src/validate.ts": "d3b021e3aa982de4d03981459f4622a7438d9d3fd213cf27deb193e4c3012dfa",
    "https://deno.land/x/validasaur@v0.7.0/src/interfaces.ts": "8d77067c6488456b46f56acdc0225f64e062b61a0b21649775d4db367eb89433",
    "https://deno.land/x/validasaur@v0.7.0/src/messages.ts": "704cab5b79eb1e91b8f3a49366e6ffa9b71b617b95bd2047e2b3323bdf21ea22",
    "https://deno.land/x/validasaur@v0.7.0/src/mod.ts": "07264564bca3fc24713efeb175dfee94170c909d7270933260b437d30bce3b8f",
    "https://deno.land/x/validasaur@v0.7.0/src/rules.ts": "42f7d6ba032c9bc46d11e341f1e07502dfd765cc2fc2979bf420b1b5c558e525",
    "https://deno.land/x/validasaur@v0.7.0/src/rules/file_exists.ts": "aeceb95330a7ea09fcdd7726d07e0a2e64f28d1432caad177fbe8d9e874311ed",
    "https://deno.land/x/validasaur@v0.7.0/src/rules/is_array.ts": "41f27318d461570934c72fe1631b8f22bced989b6525140b57522af431bd7d87",
    "https://deno.land/x/validasaur@v0.7.0/src/rules/is_bool.ts": "4dcd758ac00e379803056a2d6b3c6c2bce740447e3185576f19fb27f94131687",
    "https://deno.land/x/validasaur@v0.7.0/src/rules/is_date.ts": "cd71b8d4a357c5d79064a06346528832b9eb9289daa779a011a2b06acfbe2060",
    "https://deno.land/x/validasaur@v0.7.0/src/rules/is_email.ts": "e189da4b261f326fef6a4f57759d668cbe59f62fbb9e27d7307102fd1cb896f8",
    "https://deno.land/x/validasaur@v0.7.0/src/rules/is_float.ts": "30308bbf182ff2a5b26594871255f05f0a23942eede230359ce274b674f9e1e6",
    "https://deno.land/x/validasaur@v0.7.0/src/rules/is_in.ts": "ccc9876b37581e5c69c888aedc355219c79edec3d8df63712cbc5d558af1a3e8",
    "https://deno.land/x/validasaur@v0.7.0/src/rules/is_int.ts": "157e81bb72c50818a9c365100436286ac9e0b666e2c8782808faef4ed85b9325",
    "https://deno.land/x/validasaur@v0.7.0/src/rules/is_number.ts": "c9dc59991406c6c0e722f9d66d00e8269f0e9ce7ec8000f48436f2ed33a64317",
    "https://deno.land/x/validasaur@v0.7.0/src/rules/is_numeric.ts": "af0d28181dd01cd32abffe2750e072ad7cdbd6e71222f6577a2b6d6805f8944c",
    "https://deno.land/x/validasaur@v0.7.0/src/rules/is_string.ts": "04238f430ef99e91157bc9617e6dcb4ef5c254ca278207817e9c687a6aa19b86",
    "https://deno.land/x/validasaur@v0.7.0/src/rules/length_between.ts": "6c635af3e38d9999116a9ac5765e1d5a1752b4b6fb77bbdf066c2d831d4a3278",
    "https://deno.land/x/validasaur@v0.7.0/src/rules/match.ts": "96d412d634efa30706a6b962de51df6831591135b2da11843f7e5e22e998671b",
    "https://deno.land/x/validasaur@v0.7.0/src/rules/max_length.ts": "997f0c7680a6bc0c47fec3409e589666dd5f6a07dd6dc4e51fae85f7e08c9f91",
    "https://deno.land/x/validasaur@v0.7.0/src/rules/max_number.ts": "570099c82adf0fba42199eebca115dd97335522fc707f4f147f07a92fff91fdd",
    "https://deno.land/x/validasaur@v0.7.0/src/rules/min_length.ts": "d5e1ec2a7905f892d7f4459f9f4f9b6818ad1dbdfc0a9df023d3654895e4ee86",
    "https://deno.land/x/validasaur@v0.7.0/src/rules/min_number.ts": "6bd420b7b26d05a4fd9716e875959edb8767480d169ebe11d5f965d153c39eca",
    "https://deno.land/x/validasaur@v0.7.0/src/rules/not_in.ts": "ac397fcb16ff7b7286f92f3a5e0fceb5ce87655c37fe012d83fe9846588c4632",
    "https://deno.land/x/validasaur@v0.7.0/src/rules/not_null.ts": "e571a3b06b1e62fead6b1b25e1567713b348b128793d648857d94d17834e15e0",
    "https://deno.land/x/validasaur@v0.7.0/src/rules/nullable.ts": "abe13409f94cf5e2c7dfedc8619c41cb4a3ede839f9f700c4b34baa40b839457",
    "https://deno.land/x/validasaur@v0.7.0/src/rules/number_between.ts": "8c53d663ee48c36919b6baef5a428f3bf43abad4671e863a4eaac4543d32fc70",
    "https://deno.land/x/validasaur@v0.7.0/src/rules/required.ts": "da5d4717b8ba25f175c425f6e153e8f58287e41be19e0609ee9c9d72062e0842",
    "https://deno.land/x/validasaur@v0.7.0/src/rules/required_if.ts": "d0b57df41ef38cdccc97b0e52ba6024bc643feb786fbbfb931b24624d9ad5539",
    "https://deno.land/x/validasaur@v0.7.0/src/rules/required_unless.ts": "d9f6b9a8bb0129e1b12e68531da65bd8ccf010148429bbc410ffbb8ae067685e",
    "https://deno.land/x/validasaur@v0.7.0/src/rules/required_when.ts": "b1ac5a7acdc383b05b93b22dbff72b6175c96a3d325a214958d4dfcfe0741f98",
    "https://deno.land/x/validasaur@v0.7.0/src/rules/validate_array.ts": "78379906c75c2b8343d4de02e722c400820b1165f0862525d375727bb32a17dd",
    "https://deno.land/x/validasaur@v0.7.0/src/rules/validate_object.ts": "8324f81bcbdc1ce6fabdb9dff9105d03b2ad9d2ed1aed313a97afab7b513369b",
    "https://deno.land/x/validasaur@v0.7.0/src/types.ts": "e3a242043eb5ee795c64bef8efd2b62f997c7989d74dc66124fb84129cbc9783",
    "https://deno.land/x/validasaur@v0.7.0/src/utils.ts": "9ac5c297f3be99738054ccbc1af36d84c5d23ac091e4ffbcdd4300a6a5acb891",
    "https://deno.land/x/validasaur@v0.7.0/src/validate.ts": "4fd8c789b42a7fda0b95d9513fa2536971f3f753bfe6807bd2b09c026fed5223",
    "https://raw.githubusercontent.com/pillarjs/path-to-regexp/v6.1.0/src/index.ts": "8747ddaf85a761df4059cbc48a78cf710106f6b4c9d6932feb4d35120ac0990a"
  }
}
